// !$*UTF8*$!
{
	archiveVersion = 1;
	classes = {
	};
	objectVersion = 46;
	objects = {

/* Begin PBXBuildFile section */
		3B0B7E751CC6694C009EF9B0 /* BlogPost+UnwrappedBinaryData.swift in Sources */ = {isa = PBXBuildFile; fileRef = 3B0B7E741CC6694C009EF9B0 /* BlogPost+UnwrappedBinaryData.swift */; };
		3B0B7E771CC67A42009EF9B0 /* BlogPostDetailViewController.swift in Sources */ = {isa = PBXBuildFile; fileRef = 3B0B7E761CC67A42009EF9B0 /* BlogPostDetailViewController.swift */; };
		3B372A2F1CBFAED40003DA38 /* HomeViewController.swift in Sources */ = {isa = PBXBuildFile; fileRef = 3B372A2E1CBFAED40003DA38 /* HomeViewController.swift */; };
		3B372A331CBFB02D0003DA38 /* TableViewController.swift in Sources */ = {isa = PBXBuildFile; fileRef = 3B372A321CBFB02D0003DA38 /* TableViewController.swift */; };
		3B372A351CBFE58A0003DA38 /* AboutViewController.swift in Sources */ = {isa = PBXBuildFile; fileRef = 3B372A341CBFE58A0003DA38 /* AboutViewController.swift */; };
		3B372A371CC0D5EB0003DA38 /* about.html in Resources */ = {isa = PBXBuildFile; fileRef = 3B372A361CC0D5EB0003DA38 /* about.html */; };
		3B99C2A21CCE2BC400056C31 /* BlogPostDetailCollectionViewCell.swift in Sources */ = {isa = PBXBuildFile; fileRef = 3B99C2A11CCE2BC400056C31 /* BlogPostDetailCollectionViewCell.swift */; };
		3B99C2A41CCF8A1D00056C31 /* BlogPostDetailVideoCollectionViewCell.swift in Sources */ = {isa = PBXBuildFile; fileRef = 3B99C2A31CCF8A1D00056C31 /* BlogPostDetailVideoCollectionViewCell.swift */; };
		3B99C2A61CD10B9800056C31 /* ImageViewController.swift in Sources */ = {isa = PBXBuildFile; fileRef = 3B99C2A51CD10B9800056C31 /* ImageViewController.swift */; };
		3B9B3DFB1CC4CFD30039FCA3 /* BlogPost+CoreDataProperties.swift in Sources */ = {isa = PBXBuildFile; fileRef = 3B9B3DF91CC4CFD30039FCA3 /* BlogPost+CoreDataProperties.swift */; };
		3B9B3DFC1CC4CFD30039FCA3 /* BlogPost.swift in Sources */ = {isa = PBXBuildFile; fileRef = 3B9B3DFA1CC4CFD30039FCA3 /* BlogPost.swift */; };
		3BAED9BE1CBE4364002E66FA /* Constants.swift in Sources */ = {isa = PBXBuildFile; fileRef = 3BAED9BD1CBE4364002E66FA /* Constants.swift */; };
		3BAED9C11CBE43EC002E66FA /* CuriousEdinburghAPI.swift in Sources */ = {isa = PBXBuildFile; fileRef = 3BAED9C01CBE43EC002E66FA /* CuriousEdinburghAPI.swift */; };
		3BFED6201CBBEBFE00597967 /* AppDelegate.swift in Sources */ = {isa = PBXBuildFile; fileRef = 3BFED61F1CBBEBFE00597967 /* AppDelegate.swift */; };
		3BFED6251CBBEBFE00597967 /* Main.storyboard in Resources */ = {isa = PBXBuildFile; fileRef = 3BFED6231CBBEBFE00597967 /* Main.storyboard */; };
		3BFED6281CBBEBFE00597967 /* Curious_Edinburgh.xcdatamodeld in Sources */ = {isa = PBXBuildFile; fileRef = 3BFED6261CBBEBFE00597967 /* Curious_Edinburgh.xcdatamodeld */; };
		3BFED62A1CBBEBFE00597967 /* Assets.xcassets in Resources */ = {isa = PBXBuildFile; fileRef = 3BFED6291CBBEBFE00597967 /* Assets.xcassets */; };
		3BFED62D1CBBEBFE00597967 /* LaunchScreen.storyboard in Resources */ = {isa = PBXBuildFile; fileRef = 3BFED62B1CBBEBFE00597967 /* LaunchScreen.storyboard */; };
		3BFED6381CBBEBFE00597967 /* Curious_EdinburghTests.swift in Sources */ = {isa = PBXBuildFile; fileRef = 3BFED6371CBBEBFE00597967 /* Curious_EdinburghTests.swift */; };
		3BFED6431CBBEBFE00597967 /* Curious_EdinburghUITests.swift in Sources */ = {isa = PBXBuildFile; fileRef = 3BFED6421CBBEBFE00597967 /* Curious_EdinburghUITests.swift */; };
		3BFED6511CBBECCB00597967 /* MapKit.framework in Frameworks */ = {isa = PBXBuildFile; fileRef = 3BFED6501CBBECCB00597967 /* MapKit.framework */; };
		3BFED6531CBBF33000597967 /* MapViewController.swift in Sources */ = {isa = PBXBuildFile; fileRef = 3BFED6521CBBF32F00597967 /* MapViewController.swift */; };
		3CDC4BFC1CCA1D170066587A /* PostCardCustomCell.swift in Sources */ = {isa = PBXBuildFile; fileRef = 3CDC4BFB1CCA1D170066587A /* PostCardCustomCell.swift */; };
		5E4E2EA1F874BC894A513214 /* Pods.framework in Frameworks */ = {isa = PBXBuildFile; fileRef = 541A40D4585E7B2A8401850B /* Pods.framework */; };
/* End PBXBuildFile section */

/* Begin PBXContainerItemProxy section */
		3BFED6341CBBEBFE00597967 /* PBXContainerItemProxy */ = {
			isa = PBXContainerItemProxy;
			containerPortal = 3BFED6141CBBEBFE00597967 /* Project object */;
			proxyType = 1;
			remoteGlobalIDString = 3BFED61B1CBBEBFE00597967;
			remoteInfo = "Curious Edinburgh";
		};
		3BFED63F1CBBEBFE00597967 /* PBXContainerItemProxy */ = {
			isa = PBXContainerItemProxy;
			containerPortal = 3BFED6141CBBEBFE00597967 /* Project object */;
			proxyType = 1;
			remoteGlobalIDString = 3BFED61B1CBBEBFE00597967;
			remoteInfo = "Curious Edinburgh";
		};
/* End PBXContainerItemProxy section */

/* Begin PBXFileReference section */
		3B0B7E741CC6694C009EF9B0 /* BlogPost+UnwrappedBinaryData.swift */ = {isa = PBXFileReference; fileEncoding = 4; lastKnownFileType = sourcecode.swift; path = "BlogPost+UnwrappedBinaryData.swift"; sourceTree = "<group>"; };
		3B0B7E761CC67A42009EF9B0 /* BlogPostDetailViewController.swift */ = {isa = PBXFileReference; fileEncoding = 4; lastKnownFileType = sourcecode.swift; path = BlogPostDetailViewController.swift; sourceTree = "<group>"; };
		3B372A2E1CBFAED40003DA38 /* HomeViewController.swift */ = {isa = PBXFileReference; fileEncoding = 4; lastKnownFileType = sourcecode.swift; path = HomeViewController.swift; sourceTree = "<group>"; };
		3B372A321CBFB02D0003DA38 /* TableViewController.swift */ = {isa = PBXFileReference; fileEncoding = 4; lastKnownFileType = sourcecode.swift; path = TableViewController.swift; sourceTree = "<group>"; };
		3B372A341CBFE58A0003DA38 /* AboutViewController.swift */ = {isa = PBXFileReference; fileEncoding = 4; lastKnownFileType = sourcecode.swift; path = AboutViewController.swift; sourceTree = "<group>"; };
		3B372A361CC0D5EB0003DA38 /* about.html */ = {isa = PBXFileReference; fileEncoding = 4; lastKnownFileType = text.html; path = about.html; sourceTree = "<group>"; };
		3B99C2A11CCE2BC400056C31 /* BlogPostDetailCollectionViewCell.swift */ = {isa = PBXFileReference; fileEncoding = 4; lastKnownFileType = sourcecode.swift; path = BlogPostDetailCollectionViewCell.swift; sourceTree = "<group>"; };
		3B99C2A31CCF8A1D00056C31 /* BlogPostDetailVideoCollectionViewCell.swift */ = {isa = PBXFileReference; fileEncoding = 4; lastKnownFileType = sourcecode.swift; path = BlogPostDetailVideoCollectionViewCell.swift; sourceTree = "<group>"; };
		3B99C2A51CD10B9800056C31 /* ImageViewController.swift */ = {isa = PBXFileReference; fileEncoding = 4; lastKnownFileType = sourcecode.swift; path = ImageViewController.swift; sourceTree = "<group>"; };
		3B9B3DF91CC4CFD30039FCA3 /* BlogPost+CoreDataProperties.swift */ = {isa = PBXFileReference; fileEncoding = 4; lastKnownFileType = sourcecode.swift; path = "BlogPost+CoreDataProperties.swift"; sourceTree = "<group>"; };
		3B9B3DFA1CC4CFD30039FCA3 /* BlogPost.swift */ = {isa = PBXFileReference; fileEncoding = 4; lastKnownFileType = sourcecode.swift; path = BlogPost.swift; sourceTree = "<group>"; };
		3BAED9BD1CBE4364002E66FA /* Constants.swift */ = {isa = PBXFileReference; fileEncoding = 4; lastKnownFileType = sourcecode.swift; path = Constants.swift; sourceTree = "<group>"; };
		3BAED9C01CBE43EC002E66FA /* CuriousEdinburghAPI.swift */ = {isa = PBXFileReference; fileEncoding = 4; lastKnownFileType = sourcecode.swift; path = CuriousEdinburghAPI.swift; sourceTree = "<group>"; };
		3BFED61C1CBBEBFE00597967 /* Curious Edinburgh.app */ = {isa = PBXFileReference; explicitFileType = wrapper.application; includeInIndex = 0; path = "Curious Edinburgh.app"; sourceTree = BUILT_PRODUCTS_DIR; };
		3BFED61F1CBBEBFE00597967 /* AppDelegate.swift */ = {isa = PBXFileReference; lastKnownFileType = sourcecode.swift; path = AppDelegate.swift; sourceTree = "<group>"; };
		3BFED6241CBBEBFE00597967 /* Base */ = {isa = PBXFileReference; lastKnownFileType = file.storyboard; name = Base; path = Base.lproj/Main.storyboard; sourceTree = "<group>"; };
		3BFED6271CBBEBFE00597967 /* Curious_Edinburgh.xcdatamodel */ = {isa = PBXFileReference; lastKnownFileType = wrapper.xcdatamodel; path = Curious_Edinburgh.xcdatamodel; sourceTree = "<group>"; };
		3BFED6291CBBEBFE00597967 /* Assets.xcassets */ = {isa = PBXFileReference; lastKnownFileType = folder.assetcatalog; path = Assets.xcassets; sourceTree = "<group>"; };
		3BFED62C1CBBEBFE00597967 /* Base */ = {isa = PBXFileReference; lastKnownFileType = file.storyboard; name = Base; path = Base.lproj/LaunchScreen.storyboard; sourceTree = "<group>"; };
		3BFED62E1CBBEBFE00597967 /* Info.plist */ = {isa = PBXFileReference; lastKnownFileType = text.plist.xml; path = Info.plist; sourceTree = "<group>"; };
		3BFED6331CBBEBFE00597967 /* Curious EdinburghTests.xctest */ = {isa = PBXFileReference; explicitFileType = wrapper.cfbundle; includeInIndex = 0; path = "Curious EdinburghTests.xctest"; sourceTree = BUILT_PRODUCTS_DIR; };
		3BFED6371CBBEBFE00597967 /* Curious_EdinburghTests.swift */ = {isa = PBXFileReference; lastKnownFileType = sourcecode.swift; path = Curious_EdinburghTests.swift; sourceTree = "<group>"; };
		3BFED6391CBBEBFE00597967 /* Info.plist */ = {isa = PBXFileReference; lastKnownFileType = text.plist.xml; path = Info.plist; sourceTree = "<group>"; };
		3BFED63E1CBBEBFE00597967 /* Curious EdinburghUITests.xctest */ = {isa = PBXFileReference; explicitFileType = wrapper.cfbundle; includeInIndex = 0; path = "Curious EdinburghUITests.xctest"; sourceTree = BUILT_PRODUCTS_DIR; };
		3BFED6421CBBEBFE00597967 /* Curious_EdinburghUITests.swift */ = {isa = PBXFileReference; lastKnownFileType = sourcecode.swift; path = Curious_EdinburghUITests.swift; sourceTree = "<group>"; };
		3BFED6441CBBEBFE00597967 /* Info.plist */ = {isa = PBXFileReference; lastKnownFileType = text.plist.xml; path = Info.plist; sourceTree = "<group>"; };
		3BFED6501CBBECCB00597967 /* MapKit.framework */ = {isa = PBXFileReference; lastKnownFileType = wrapper.framework; name = MapKit.framework; path = System/Library/Frameworks/MapKit.framework; sourceTree = SDKROOT; };
		3BFED6521CBBF32F00597967 /* MapViewController.swift */ = {isa = PBXFileReference; fileEncoding = 4; lastKnownFileType = sourcecode.swift; name = MapViewController.swift; path = Views/MapViewController.swift; sourceTree = "<group>"; };
		3CB5F8501CCE28F70081EC74 /* CuriousEdinburgh.playground */ = {isa = PBXFileReference; lastKnownFileType = file.playground; name = CuriousEdinburgh.playground; path = "Curious Edinburgh/CuriousEdinburgh.playground"; sourceTree = "<group>"; };
		3CDC4BFB1CCA1D170066587A /* PostCardCustomCell.swift */ = {isa = PBXFileReference; fileEncoding = 4; lastKnownFileType = sourcecode.swift; path = PostCardCustomCell.swift; sourceTree = "<group>"; };
		4470E5C4ECAB9127B5F1825E /* Pods.debug.xcconfig */ = {isa = PBXFileReference; includeInIndex = 1; lastKnownFileType = text.xcconfig; name = Pods.debug.xcconfig; path = "Pods/Target Support Files/Pods/Pods.debug.xcconfig"; sourceTree = "<group>"; };
		541A40D4585E7B2A8401850B /* Pods.framework */ = {isa = PBXFileReference; explicitFileType = wrapper.framework; includeInIndex = 0; path = Pods.framework; sourceTree = BUILT_PRODUCTS_DIR; };
		B15EBCC5545CA1AA83BA36A3 /* Pods.release.xcconfig */ = {isa = PBXFileReference; includeInIndex = 1; lastKnownFileType = text.xcconfig; name = Pods.release.xcconfig; path = "Pods/Target Support Files/Pods/Pods.release.xcconfig"; sourceTree = "<group>"; };
/* End PBXFileReference section */

/* Begin PBXFrameworksBuildPhase section */
		3BFED6191CBBEBFE00597967 /* Frameworks */ = {
			isa = PBXFrameworksBuildPhase;
			buildActionMask = 2147483647;
			files = (
				3BFED6511CBBECCB00597967 /* MapKit.framework in Frameworks */,
				5E4E2EA1F874BC894A513214 /* Pods.framework in Frameworks */,
			);
			runOnlyForDeploymentPostprocessing = 0;
		};
		3BFED6301CBBEBFE00597967 /* Frameworks */ = {
			isa = PBXFrameworksBuildPhase;
			buildActionMask = 2147483647;
			files = (
			);
			runOnlyForDeploymentPostprocessing = 0;
		};
		3BFED63B1CBBEBFE00597967 /* Frameworks */ = {
			isa = PBXFrameworksBuildPhase;
			buildActionMask = 2147483647;
			files = (
			);
			runOnlyForDeploymentPostprocessing = 0;
		};
/* End PBXFrameworksBuildPhase section */

/* Begin PBXGroup section */
		3B372A381CC0D6150003DA38 /* Supporting Files */ = {
			isa = PBXGroup;
			children = (
				3CDC4BFB1CCA1D170066587A /* PostCardCustomCell.swift */,
				3B372A361CC0D5EB0003DA38 /* about.html */,
				3B99C2A11CCE2BC400056C31 /* BlogPostDetailCollectionViewCell.swift */,
				3B99C2A31CCF8A1D00056C31 /* BlogPostDetailVideoCollectionViewCell.swift */,
			);
			name = "Supporting Files";
			sourceTree = "<group>";
		};
		3BAED9BF1CBE436A002E66FA /* Utils */ = {
			isa = PBXGroup;
			children = (
				3BAED9BD1CBE4364002E66FA /* Constants.swift */,
			);
			name = Utils;
			sourceTree = "<group>";
		};
		3BAED9C21CBE43F1002E66FA /* API */ = {
			isa = PBXGroup;
			children = (
				3BAED9C01CBE43EC002E66FA /* CuriousEdinburghAPI.swift */,
			);
			name = API;
			sourceTree = "<group>";
		};
		3BFED6131CBBEBFD00597967 = {
			isa = PBXGroup;
			children = (
				3CB5F8501CCE28F70081EC74 /* CuriousEdinburgh.playground */,
				3BFED6501CBBECCB00597967 /* MapKit.framework */,
				3BFED61E1CBBEBFE00597967 /* Curious Edinburgh */,
				3BFED6361CBBEBFE00597967 /* Curious EdinburghTests */,
				3BFED6411CBBEBFE00597967 /* Curious EdinburghUITests */,
				3BFED61D1CBBEBFE00597967 /* Products */,
				77C3E6336603280A624EF1DE /* Pods */,
				F07293FF4756A135D0C90E0F /* Frameworks */,
			);
			sourceTree = "<group>";
		};
		3BFED61D1CBBEBFE00597967 /* Products */ = {
			isa = PBXGroup;
			children = (
				3BFED61C1CBBEBFE00597967 /* Curious Edinburgh.app */,
				3BFED6331CBBEBFE00597967 /* Curious EdinburghTests.xctest */,
				3BFED63E1CBBEBFE00597967 /* Curious EdinburghUITests.xctest */,
			);
			name = Products;
			sourceTree = "<group>";
		};
		3BFED61E1CBBEBFE00597967 /* Curious Edinburgh */ = {
			isa = PBXGroup;
			children = (
				3B372A381CC0D6150003DA38 /* Supporting Files */,
				3BFED6561CBCEF7B00597967 /* Views */,
				3BFED6551CBCEF5F00597967 /* Models */,
				3BFED6541CBBF36C00597967 /* Controllers */,
				3BAED9BF1CBE436A002E66FA /* Utils */,
				3BAED9C21CBE43F1002E66FA /* API */,
				3BFED61F1CBBEBFE00597967 /* AppDelegate.swift */,
				3BFED6291CBBEBFE00597967 /* Assets.xcassets */,
				3BFED62B1CBBEBFE00597967 /* LaunchScreen.storyboard */,
				3BFED62E1CBBEBFE00597967 /* Info.plist */,
				3BFED6261CBBEBFE00597967 /* Curious_Edinburgh.xcdatamodeld */,
			);
			path = "Curious Edinburgh";
			sourceTree = "<group>";
		};
		3BFED6361CBBEBFE00597967 /* Curious EdinburghTests */ = {
			isa = PBXGroup;
			children = (
				3BFED6371CBBEBFE00597967 /* Curious_EdinburghTests.swift */,
				3BFED6391CBBEBFE00597967 /* Info.plist */,
			);
			path = "Curious EdinburghTests";
			sourceTree = "<group>";
		};
		3BFED6411CBBEBFE00597967 /* Curious EdinburghUITests */ = {
			isa = PBXGroup;
			children = (
				3BFED6421CBBEBFE00597967 /* Curious_EdinburghUITests.swift */,
				3BFED6441CBBEBFE00597967 /* Info.plist */,
			);
			path = "Curious EdinburghUITests";
			sourceTree = "<group>";
		};
		3BFED6541CBBF36C00597967 /* Controllers */ = {
			isa = PBXGroup;
			children = (
				3B99C2A51CD10B9800056C31 /* ImageViewController.swift */,
				3B0B7E761CC67A42009EF9B0 /* BlogPostDetailViewController.swift */,
				3B372A341CBFE58A0003DA38 /* AboutViewController.swift */,
				3B372A321CBFB02D0003DA38 /* TableViewController.swift */,
				3B372A2E1CBFAED40003DA38 /* HomeViewController.swift */,
				3BFED6521CBBF32F00597967 /* MapViewController.swift */,
			);
			name = Controllers;
			sourceTree = "<group>";
		};
		3BFED6551CBCEF5F00597967 /* Models */ = {
			isa = PBXGroup;
			children = (
				3B9B3DF91CC4CFD30039FCA3 /* BlogPost+CoreDataProperties.swift */,
				3B9B3DFA1CC4CFD30039FCA3 /* BlogPost.swift */,
				3B0B7E741CC6694C009EF9B0 /* BlogPost+UnwrappedBinaryData.swift */,
			);
			name = Models;
			sourceTree = "<group>";
		};
		3BFED6561CBCEF7B00597967 /* Views */ = {
			isa = PBXGroup;
			children = (
				3BFED6231CBBEBFE00597967 /* Main.storyboard */,
			);
			name = Views;
			sourceTree = "<group>";
		};
		77C3E6336603280A624EF1DE /* Pods */ = {
			isa = PBXGroup;
			children = (
				4470E5C4ECAB9127B5F1825E /* Pods.debug.xcconfig */,
				B15EBCC5545CA1AA83BA36A3 /* Pods.release.xcconfig */,
			);
			name = Pods;
			sourceTree = "<group>";
		};
		F07293FF4756A135D0C90E0F /* Frameworks */ = {
			isa = PBXGroup;
			children = (
				541A40D4585E7B2A8401850B /* Pods.framework */,
			);
			name = Frameworks;
			sourceTree = "<group>";
		};
/* End PBXGroup section */

/* Begin PBXNativeTarget section */
		3BFED61B1CBBEBFE00597967 /* Curious Edinburgh */ = {
			isa = PBXNativeTarget;
			buildConfigurationList = 3BFED6471CBBEBFE00597967 /* Build configuration list for PBXNativeTarget "Curious Edinburgh" */;
			buildPhases = (
				C4D080DBB0A1582745FFE5A2 /* Check Pods Manifest.lock */,
				3BFED6181CBBEBFE00597967 /* Sources */,
				3BFED6191CBBEBFE00597967 /* Frameworks */,
				3BFED61A1CBBEBFE00597967 /* Resources */,
				AD7C799F83CD42EC22EED1F1 /* Embed Pods Frameworks */,
				FA5DEBEF7032E77547FC1B83 /* Copy Pods Resources */,
			);
			buildRules = (
			);
			dependencies = (
			);
			name = "Curious Edinburgh";
			productName = "Curious Edinburgh";
			productReference = 3BFED61C1CBBEBFE00597967 /* Curious Edinburgh.app */;
			productType = "com.apple.product-type.application";
		};
		3BFED6321CBBEBFE00597967 /* Curious EdinburghTests */ = {
			isa = PBXNativeTarget;
			buildConfigurationList = 3BFED64A1CBBEBFE00597967 /* Build configuration list for PBXNativeTarget "Curious EdinburghTests" */;
			buildPhases = (
				3BFED62F1CBBEBFE00597967 /* Sources */,
				3BFED6301CBBEBFE00597967 /* Frameworks */,
				3BFED6311CBBEBFE00597967 /* Resources */,
			);
			buildRules = (
			);
			dependencies = (
				3BFED6351CBBEBFE00597967 /* PBXTargetDependency */,
			);
			name = "Curious EdinburghTests";
			productName = "Curious EdinburghTests";
			productReference = 3BFED6331CBBEBFE00597967 /* Curious EdinburghTests.xctest */;
			productType = "com.apple.product-type.bundle.unit-test";
		};
		3BFED63D1CBBEBFE00597967 /* Curious EdinburghUITests */ = {
			isa = PBXNativeTarget;
			buildConfigurationList = 3BFED64D1CBBEBFE00597967 /* Build configuration list for PBXNativeTarget "Curious EdinburghUITests" */;
			buildPhases = (
				3BFED63A1CBBEBFE00597967 /* Sources */,
				3BFED63B1CBBEBFE00597967 /* Frameworks */,
				3BFED63C1CBBEBFE00597967 /* Resources */,
			);
			buildRules = (
			);
			dependencies = (
				3BFED6401CBBEBFE00597967 /* PBXTargetDependency */,
			);
			name = "Curious EdinburghUITests";
			productName = "Curious EdinburghUITests";
			productReference = 3BFED63E1CBBEBFE00597967 /* Curious EdinburghUITests.xctest */;
			productType = "com.apple.product-type.bundle.ui-testing";
		};
/* End PBXNativeTarget section */

/* Begin PBXProject section */
		3BFED6141CBBEBFE00597967 /* Project object */ = {
			isa = PBXProject;
			attributes = {
				LastSwiftUpdateCheck = 0730;
				LastUpgradeCheck = 0730;
				ORGANIZATIONNAME = Edina;
				TargetAttributes = {
					3BFED61B1CBBEBFE00597967 = {
						CreatedOnToolsVersion = 7.3;
					};
					3BFED6321CBBEBFE00597967 = {
						CreatedOnToolsVersion = 7.3;
						TestTargetID = 3BFED61B1CBBEBFE00597967;
					};
					3BFED63D1CBBEBFE00597967 = {
						CreatedOnToolsVersion = 7.3;
						TestTargetID = 3BFED61B1CBBEBFE00597967;
					};
				};
			};
			buildConfigurationList = 3BFED6171CBBEBFE00597967 /* Build configuration list for PBXProject "Curious Edinburgh" */;
			compatibilityVersion = "Xcode 3.2";
			developmentRegion = English;
			hasScannedForEncodings = 0;
			knownRegions = (
				en,
				Base,
			);
			mainGroup = 3BFED6131CBBEBFD00597967;
			productRefGroup = 3BFED61D1CBBEBFE00597967 /* Products */;
			projectDirPath = "";
			projectRoot = "";
			targets = (
				3BFED61B1CBBEBFE00597967 /* Curious Edinburgh */,
				3BFED6321CBBEBFE00597967 /* Curious EdinburghTests */,
				3BFED63D1CBBEBFE00597967 /* Curious EdinburghUITests */,
			);
		};
/* End PBXProject section */

/* Begin PBXResourcesBuildPhase section */
		3BFED61A1CBBEBFE00597967 /* Resources */ = {
			isa = PBXResourcesBuildPhase;
			buildActionMask = 2147483647;
			files = (
				3B372A371CC0D5EB0003DA38 /* about.html in Resources */,
				3BFED62D1CBBEBFE00597967 /* LaunchScreen.storyboard in Resources */,
				3BFED62A1CBBEBFE00597967 /* Assets.xcassets in Resources */,
				3BFED6251CBBEBFE00597967 /* Main.storyboard in Resources */,
			);
			runOnlyForDeploymentPostprocessing = 0;
		};
		3BFED6311CBBEBFE00597967 /* Resources */ = {
			isa = PBXResourcesBuildPhase;
			buildActionMask = 2147483647;
			files = (
			);
			runOnlyForDeploymentPostprocessing = 0;
		};
		3BFED63C1CBBEBFE00597967 /* Resources */ = {
			isa = PBXResourcesBuildPhase;
			buildActionMask = 2147483647;
			files = (
			);
			runOnlyForDeploymentPostprocessing = 0;
		};
/* End PBXResourcesBuildPhase section */

/* Begin PBXShellScriptBuildPhase section */
		AD7C799F83CD42EC22EED1F1 /* Embed Pods Frameworks */ = {
			isa = PBXShellScriptBuildPhase;
			buildActionMask = 2147483647;
			files = (
			);
			inputPaths = (
			);
			name = "Embed Pods Frameworks";
			outputPaths = (
			);
			runOnlyForDeploymentPostprocessing = 0;
			shellPath = /bin/sh;
			shellScript = "\"${SRCROOT}/Pods/Target Support Files/Pods/Pods-frameworks.sh\"\n";
			showEnvVarsInLog = 0;
		};
		C4D080DBB0A1582745FFE5A2 /* Check Pods Manifest.lock */ = {
			isa = PBXShellScriptBuildPhase;
			buildActionMask = 2147483647;
			files = (
			);
			inputPaths = (
			);
			name = "Check Pods Manifest.lock";
			outputPaths = (
			);
			runOnlyForDeploymentPostprocessing = 0;
			shellPath = /bin/sh;
			shellScript = "diff \"${PODS_ROOT}/../Podfile.lock\" \"${PODS_ROOT}/Manifest.lock\" > /dev/null\nif [[ $? != 0 ]] ; then\n    cat << EOM\nerror: The sandbox is not in sync with the Podfile.lock. Run 'pod install' or update your CocoaPods installation.\nEOM\n    exit 1\nfi\n";
			showEnvVarsInLog = 0;
		};
		FA5DEBEF7032E77547FC1B83 /* Copy Pods Resources */ = {
			isa = PBXShellScriptBuildPhase;
			buildActionMask = 2147483647;
			files = (
			);
			inputPaths = (
			);
			name = "Copy Pods Resources";
			outputPaths = (
			);
			runOnlyForDeploymentPostprocessing = 0;
			shellPath = /bin/sh;
			shellScript = "\"${SRCROOT}/Pods/Target Support Files/Pods/Pods-resources.sh\"\n";
			showEnvVarsInLog = 0;
		};
/* End PBXShellScriptBuildPhase section */

/* Begin PBXSourcesBuildPhase section */
		3BFED6181CBBEBFE00597967 /* Sources */ = {
			isa = PBXSourcesBuildPhase;
			buildActionMask = 2147483647;
			files = (
				3BFED6281CBBEBFE00597967 /* Curious_Edinburgh.xcdatamodeld in Sources */,
				3B0B7E751CC6694C009EF9B0 /* BlogPost+UnwrappedBinaryData.swift in Sources */,
				3B372A331CBFB02D0003DA38 /* TableViewController.swift in Sources */,
				3B9B3DFB1CC4CFD30039FCA3 /* BlogPost+CoreDataProperties.swift in Sources */,
				3BFED6201CBBEBFE00597967 /* AppDelegate.swift in Sources */,
				3B99C2A21CCE2BC400056C31 /* BlogPostDetailCollectionViewCell.swift in Sources */,
				3B99C2A61CD10B9800056C31 /* ImageViewController.swift in Sources */,
				3BFED6531CBBF33000597967 /* MapViewController.swift in Sources */,
				3BAED9BE1CBE4364002E66FA /* Constants.swift in Sources */,
				3BAED9C11CBE43EC002E66FA /* CuriousEdinburghAPI.swift in Sources */,
				3B372A351CBFE58A0003DA38 /* AboutViewController.swift in Sources */,
				3B0B7E771CC67A42009EF9B0 /* BlogPostDetailViewController.swift in Sources */,
				3CDC4BFC1CCA1D170066587A /* PostCardCustomCell.swift in Sources */,
				3B372A2F1CBFAED40003DA38 /* HomeViewController.swift in Sources */,
				3B9B3DFC1CC4CFD30039FCA3 /* BlogPost.swift in Sources */,
				3B99C2A41CCF8A1D00056C31 /* BlogPostDetailVideoCollectionViewCell.swift in Sources */,
			);
			runOnlyForDeploymentPostprocessing = 0;
		};
		3BFED62F1CBBEBFE00597967 /* Sources */ = {
			isa = PBXSourcesBuildPhase;
			buildActionMask = 2147483647;
			files = (
				3BFED6381CBBEBFE00597967 /* Curious_EdinburghTests.swift in Sources */,
			);
			runOnlyForDeploymentPostprocessing = 0;
		};
		3BFED63A1CBBEBFE00597967 /* Sources */ = {
			isa = PBXSourcesBuildPhase;
			buildActionMask = 2147483647;
			files = (
				3BFED6431CBBEBFE00597967 /* Curious_EdinburghUITests.swift in Sources */,
			);
			runOnlyForDeploymentPostprocessing = 0;
		};
/* End PBXSourcesBuildPhase section */

/* Begin PBXTargetDependency section */
		3BFED6351CBBEBFE00597967 /* PBXTargetDependency */ = {
			isa = PBXTargetDependency;
			target = 3BFED61B1CBBEBFE00597967 /* Curious Edinburgh */;
			targetProxy = 3BFED6341CBBEBFE00597967 /* PBXContainerItemProxy */;
		};
		3BFED6401CBBEBFE00597967 /* PBXTargetDependency */ = {
			isa = PBXTargetDependency;
			target = 3BFED61B1CBBEBFE00597967 /* Curious Edinburgh */;
			targetProxy = 3BFED63F1CBBEBFE00597967 /* PBXContainerItemProxy */;
		};
/* End PBXTargetDependency section */

/* Begin PBXVariantGroup section */
		3BFED6231CBBEBFE00597967 /* Main.storyboard */ = {
			isa = PBXVariantGroup;
			children = (
				3BFED6241CBBEBFE00597967 /* Base */,
			);
			name = Main.storyboard;
			sourceTree = "<group>";
		};
		3BFED62B1CBBEBFE00597967 /* LaunchScreen.storyboard */ = {
			isa = PBXVariantGroup;
			children = (
				3BFED62C1CBBEBFE00597967 /* Base */,
			);
			name = LaunchScreen.storyboard;
			sourceTree = "<group>";
		};
/* End PBXVariantGroup section */

/* Begin XCBuildConfiguration section */
		3BFED6451CBBEBFE00597967 /* Debug */ = {
			isa = XCBuildConfiguration;
			buildSettings = {
				ALWAYS_SEARCH_USER_PATHS = NO;
				CLANG_ANALYZER_NONNULL = YES;
				CLANG_CXX_LANGUAGE_STANDARD = "gnu++0x";
				CLANG_CXX_LIBRARY = "libc++";
				CLANG_ENABLE_MODULES = YES;
				CLANG_ENABLE_OBJC_ARC = YES;
				CLANG_WARN_BOOL_CONVERSION = YES;
				CLANG_WARN_CONSTANT_CONVERSION = YES;
				CLANG_WARN_DIRECT_OBJC_ISA_USAGE = YES_ERROR;
				CLANG_WARN_EMPTY_BODY = YES;
				CLANG_WARN_ENUM_CONVERSION = YES;
				CLANG_WARN_INT_CONVERSION = YES;
				CLANG_WARN_OBJC_ROOT_CLASS = YES_ERROR;
				CLANG_WARN_UNREACHABLE_CODE = YES;
				CLANG_WARN__DUPLICATE_METHOD_MATCH = YES;
				"CODE_SIGN_IDENTITY[sdk=iphoneos*]" = "iPhone Developer";
				COPY_PHASE_STRIP = NO;
				DEBUG_INFORMATION_FORMAT = dwarf;
				ENABLE_STRICT_OBJC_MSGSEND = YES;
				ENABLE_TESTABILITY = YES;
				GCC_C_LANGUAGE_STANDARD = gnu99;
				GCC_DYNAMIC_NO_PIC = NO;
				GCC_NO_COMMON_BLOCKS = YES;
				GCC_OPTIMIZATION_LEVEL = 0;
				GCC_PREPROCESSOR_DEFINITIONS = (
					"DEBUG=1",
					"$(inherited)",
				);
				GCC_WARN_64_TO_32_BIT_CONVERSION = YES;
				GCC_WARN_ABOUT_RETURN_TYPE = YES_ERROR;
				GCC_WARN_UNDECLARED_SELECTOR = YES;
				GCC_WARN_UNINITIALIZED_AUTOS = YES_AGGRESSIVE;
				GCC_WARN_UNUSED_FUNCTION = YES;
				GCC_WARN_UNUSED_VARIABLE = YES;
				IPHONEOS_DEPLOYMENT_TARGET = 9.3;
				MTL_ENABLE_DEBUG_INFO = YES;
				ONLY_ACTIVE_ARCH = YES;
				SDKROOT = iphoneos;
				SWIFT_OPTIMIZATION_LEVEL = "-Onone";
				TARGETED_DEVICE_FAMILY = "1,2";
			};
			name = Debug;
		};
		3BFED6461CBBEBFE00597967 /* Release */ = {
			isa = XCBuildConfiguration;
			buildSettings = {
				ALWAYS_SEARCH_USER_PATHS = NO;
				CLANG_ANALYZER_NONNULL = YES;
				CLANG_CXX_LANGUAGE_STANDARD = "gnu++0x";
				CLANG_CXX_LIBRARY = "libc++";
				CLANG_ENABLE_MODULES = YES;
				CLANG_ENABLE_OBJC_ARC = YES;
				CLANG_WARN_BOOL_CONVERSION = YES;
				CLANG_WARN_CONSTANT_CONVERSION = YES;
				CLANG_WARN_DIRECT_OBJC_ISA_USAGE = YES_ERROR;
				CLANG_WARN_EMPTY_BODY = YES;
				CLANG_WARN_ENUM_CONVERSION = YES;
				CLANG_WARN_INT_CONVERSION = YES;
				CLANG_WARN_OBJC_ROOT_CLASS = YES_ERROR;
				CLANG_WARN_UNREACHABLE_CODE = YES;
				CLANG_WARN__DUPLICATE_METHOD_MATCH = YES;
				"CODE_SIGN_IDENTITY[sdk=iphoneos*]" = "iPhone Developer";
				COPY_PHASE_STRIP = NO;
				DEBUG_INFORMATION_FORMAT = "dwarf-with-dsym";
				ENABLE_NS_ASSERTIONS = NO;
				ENABLE_STRICT_OBJC_MSGSEND = YES;
				GCC_C_LANGUAGE_STANDARD = gnu99;
				GCC_NO_COMMON_BLOCKS = YES;
				GCC_WARN_64_TO_32_BIT_CONVERSION = YES;
				GCC_WARN_ABOUT_RETURN_TYPE = YES_ERROR;
				GCC_WARN_UNDECLARED_SELECTOR = YES;
				GCC_WARN_UNINITIALIZED_AUTOS = YES_AGGRESSIVE;
				GCC_WARN_UNUSED_FUNCTION = YES;
				GCC_WARN_UNUSED_VARIABLE = YES;
				IPHONEOS_DEPLOYMENT_TARGET = 9.3;
				MTL_ENABLE_DEBUG_INFO = NO;
				SDKROOT = iphoneos;
				TARGETED_DEVICE_FAMILY = "1,2";
				VALIDATE_PRODUCT = YES;
			};
			name = Release;
		};
		3BFED6481CBBEBFE00597967 /* Debug */ = {
			isa = XCBuildConfiguration;
			baseConfigurationReference = 4470E5C4ECAB9127B5F1825E /* Pods.debug.xcconfig */;
			buildSettings = {
				ASSETCATALOG_COMPILER_APPICON_NAME = AppIcon;
				INFOPLIST_FILE = "Curious Edinburgh/Info.plist";
				IPHONEOS_DEPLOYMENT_TARGET = 9.1;
				LD_RUNPATH_SEARCH_PATHS = "$(inherited) @executable_path/Frameworks";
				PRODUCT_BUNDLE_IDENTIFIER = "uk.ac.edina.crowdsurvey.Curious-Edinburgh";
				PRODUCT_NAME = "$(TARGET_NAME)";
			};
			name = Debug;
		};
		3BFED6491CBBEBFE00597967 /* Release */ = {
			isa = XCBuildConfiguration;
			baseConfigurationReference = B15EBCC5545CA1AA83BA36A3 /* Pods.release.xcconfig */;
			buildSettings = {
				ASSETCATALOG_COMPILER_APPICON_NAME = AppIcon;
				INFOPLIST_FILE = "Curious Edinburgh/Info.plist";
				IPHONEOS_DEPLOYMENT_TARGET = 9.1;
				LD_RUNPATH_SEARCH_PATHS = "$(inherited) @executable_path/Frameworks";
				PRODUCT_BUNDLE_IDENTIFIER = "uk.ac.edina.crowdsurvey.Curious-Edinburgh";
				PRODUCT_NAME = "$(TARGET_NAME)";
			};
			name = Release;
		};
		3BFED64B1CBBEBFE00597967 /* Debug */ = {
			isa = XCBuildConfiguration;
			buildSettings = {
				BUNDLE_LOADER = "$(TEST_HOST)";
				INFOPLIST_FILE = "Curious EdinburghTests/Info.plist";
				LD_RUNPATH_SEARCH_PATHS = "$(inherited) @executable_path/Frameworks @loader_path/Frameworks";
				PRODUCT_BUNDLE_IDENTIFIER = "uk.ac.edina.crowdsurvey.Curious-EdinburghTests";
				PRODUCT_NAME = "$(TARGET_NAME)";
				TEST_HOST = "$(BUILT_PRODUCTS_DIR)/Curious Edinburgh.app/Curious Edinburgh";
			};
			name = Debug;
		};
		3BFED64C1CBBEBFE00597967 /* Release */ = {
			isa = XCBuildConfiguration;
			buildSettings = {
				BUNDLE_LOADER = "$(TEST_HOST)";
				INFOPLIST_FILE = "Curious EdinburghTests/Info.plist";
				LD_RUNPATH_SEARCH_PATHS = "$(inherited) @executable_path/Frameworks @loader_path/Frameworks";
				PRODUCT_BUNDLE_IDENTIFIER = "uk.ac.edina.crowdsurvey.Curious-EdinburghTests";
				PRODUCT_NAME = "$(TARGET_NAME)";
				TEST_HOST = "$(BUILT_PRODUCTS_DIR)/Curious Edinburgh.app/Curious Edinburgh";
			};
			name = Release;
		};
		3BFED64E1CBBEBFE00597967 /* Debug */ = {
			isa = XCBuildConfiguration;
			buildSettings = {
				INFOPLIST_FILE = "Curious EdinburghUITests/Info.plist";
				LD_RUNPATH_SEARCH_PATHS = "$(inherited) @executable_path/Frameworks @loader_path/Frameworks";
				PRODUCT_BUNDLE_IDENTIFIER = "uk.ac.edina.crowdsurvey.Curious-EdinburghUITests";
				PRODUCT_NAME = "$(TARGET_NAME)";
				TEST_TARGET_NAME = "Curious Edinburgh";
			};
			name = Debug;
		};
		3BFED64F1CBBEBFE00597967 /* Release */ = {
			isa = XCBuildConfiguration;
			buildSettings = {
				INFOPLIST_FILE = "Curious EdinburghUITests/Info.plist";
				LD_RUNPATH_SEARCH_PATHS = "$(inherited) @executable_path/Frameworks @loader_path/Frameworks";
				PRODUCT_BUNDLE_IDENTIFIER = "uk.ac.edina.crowdsurvey.Curious-EdinburghUITests";
				PRODUCT_NAME = "$(TARGET_NAME)";
				TEST_TARGET_NAME = "Curious Edinburgh";
			};
			name = Release;
		};
/* End XCBuildConfiguration section */

/* Begin XCConfigurationList section */
		3BFED6171CBBEBFE00597967 /* Build configuration list for PBXProject "Curious Edinburgh" */ = {
			isa = XCConfigurationList;
			buildConfigurations = (
				3BFED6451CBBEBFE00597967 /* Debug */,
				3BFED6461CBBEBFE00597967 /* Release */,
			);
			defaultConfigurationIsVisible = 0;
			defaultConfigurationName = Release;
		};
		3BFED6471CBBEBFE00597967 /* Build configuration list for PBXNativeTarget "Curious Edinburgh" */ = {
			isa = XCConfigurationList;
			buildConfigurations = (
				3BFED6481CBBEBFE00597967 /* Debug */,
				3BFED6491CBBEBFE00597967 /* Release */,
			);
			defaultConfigurationIsVisible = 0;
			defaultConfigurationName = Release;
		};
		3BFED64A1CBBEBFE00597967 /* Build configuration list for PBXNativeTarget "Curious EdinburghTests" */ = {
			isa = XCConfigurationList;
			buildConfigurations = (
				3BFED64B1CBBEBFE00597967 /* Debug */,
				3BFED64C1CBBEBFE00597967 /* Release */,
			);
			defaultConfigurationIsVisible = 0;
			defaultConfigurationName = Release;
		};
		3BFED64D1CBBEBFE00597967 /* Build configuration list for PBXNativeTarget "Curious EdinburghUITests" */ = {
			isa = XCConfigurationList;
			buildConfigurations = (
				3BFED64E1CBBEBFE00597967 /* Debug */,
				3BFED64F1CBBEBFE00597967 /* Release */,
			);
			defaultConfigurationIsVisible = 0;
			defaultConfigurationName = Release;
		};
/* End XCConfigurationList section */

/* Begin XCVersionGroup section */
		3BFED6261CBBEBFE00597967 /* Curious_Edinburgh.xcdatamodeld */ = {
			isa = XCVersionGroup;
			children = (
				3BFED6271CBBEBFE00597967 /* Curious_Edinburgh.xcdatamodel */,
			);
			currentVersion = 3BFED6271CBBEBFE00597967 /* Curious_Edinburgh.xcdatamodel */;
			path = Curious_Edinburgh.xcdatamodeld;
			sourceTree = "<group>";
			versionGroupType = wrapper.xcdatamodel;
		};
/* End XCVersionGroup section */
	};
	rootObject = 3BFED6141CBBEBFE00597967 /* Project object */;
}
